
Microsoft Visual Studio Solution File, Format Version 12.00
# Visual Studio Version 16
VisualStudioVersion = 16.0.35229.62
MinimumVisualStudioVersion = 10.0.40219.1
Project("{FAE04EC0-301F-11D3-BF4B-00C04F79EFBC}") = "Pruebita", "Pruebita\Pruebita.csproj", "{995F55A2-55E6-42AC-897D-115EA8AB10BF}"
EndProject
Global
	GlobalSection(SolutionConfigurationPlatforms) = preSolution
		Debug|Any CPU = Debug|Any CPU
		Release|Any CPU = Release|Any CPU
	EndGlobalSection
	GlobalSection(ProjectConfigurationPlatforms) = postSolution
		{995F55A2-55E6-42AC-897D-115EA8AB10BF}.Debug|Any CPU.ActiveCfg = Debug|Any CPU
		{995F55A2-55E6-42AC-897D-115EA8AB10BF}.Debug|Any CPU.Build.0 = Debug|Any CPU
		{995F55A2-55E6-42AC-897D-115EA8AB10BF}.Release|Any CPU.ActiveCfg = Release|Any CPU
		{995F55A2-55E6-42AC-897D-115EA8AB10BF}.Release|Any CPU.Build.0 = Release|Any CPU
	EndGlobalSection
	GlobalSection(SolutionProperties) = preSolution
		HideSolutionNode = FALSE
	EndGlobalSection
	GlobalSection(ExtensibilityGlobals) = postSolution
		SolutionGuid = {6A8E35AC-7D90-42F3-96AD-414726856550}
	EndGlobalSection
EndGlobal
